
Microsoft Visual Studio Solution File, Format Version 10.00
# Visual Studio 2008
Project("{FAE04EC0-301F-11D3-BF4B-00C04F79EFBC}") = "Tivo.Hme", "Tivo.Hme\Tivo.Hme.csproj", "{08BD3EA4-334C-4A30-9E36-19827F1EBC6A}"
EndProject
Project("{FAE04EC0-301F-11D3-BF4B-00C04F79EFBC}") = "Samples", "Samples\Samples.csproj", "{82CD1B79-2B77-43C8-9431-C68C36DF791E}"
EndProject
Project("{FAE04EC0-301F-11D3-BF4B-00C04F79EFBC}") = "Tivo.Hme.Host", "Tivo.Hme.Host\Tivo.Hme.Host.csproj", "{96790110-C502-4730-831B-64BF06FE7B3B}"
EndProject
Project("{FAE04EC0-301F-11D3-BF4B-00C04F79EFBC}") = "Tivo.Has", "Tivo.Has\Tivo.Has.csproj", "{610984E6-3DE8-4CA1-A1BE-AC549F9F9D14}"
EndProject
Project("{FAE04EC0-301F-11D3-BF4B-00C04F79EFBC}") = "Tivo.Has.Contracts", "Tivo.Has.Contracts\Tivo.Has.Contracts.csproj", "{CCBA44F0-DEBC-4EA2-82C1-2B05836373BE}"
EndProject
Project("{FAE04EC0-301F-11D3-BF4B-00C04F79EFBC}") = "Tivo.Has.AddInSideAdapters", "Tivo.Has.AddInSideAdapters\Tivo.Has.AddInSideAdapters.csproj", "{F35DA565-A6E0-4F01-B8FF-EC66FA91AEDC}"
EndProject
Project("{FAE04EC0-301F-11D3-BF4B-00C04F79EFBC}") = "Tivo.Has.HostSideAdapter", "Tivo.Has.HostSideAdapter\Tivo.Has.HostSideAdapter.csproj", "{2AFF8C15-468A-412E-87A1-7898DDD921E0}"
EndProject
Project("{FAE04EC0-301F-11D3-BF4B-00C04F79EFBC}") = "Tivo.Has.AddInView", "Tivo.Has.AddInView\Tivo.Has.AddInView.csproj", "{1D8685D3-DAF7-4B09-BEDD-6B6142DEBB81}"
EndProject
Project("{FAE04EC0-301F-11D3-BF4B-00C04F79EFBC}") = "Tivo.Has.HostView", "Tivo.Has.HostView\Tivo.Has.HostView.csproj", "{2275AC3C-664B-43A0-BA52-F5943D18FDC7}"
EndProject
Project("{FAE04EC0-301F-11D3-BF4B-00C04F79EFBC}") = "Tivo.Has.AddIn", "Tivo.Has.AddIn\Tivo.Has.AddIn.csproj", "{4FD99795-7C4A-45B5-A165-BB55DB9CB3A1}"
EndProject
Global
	GlobalSection(SolutionConfigurationPlatforms) = preSolution
		Debug|Any CPU = Debug|Any CPU
		Release|Any CPU = Release|Any CPU
	EndGlobalSection
	GlobalSection(ProjectConfigurationPlatforms) = postSolution
		{08BD3EA4-334C-4A30-9E36-19827F1EBC6A}.Debug|Any CPU.ActiveCfg = Debug|Any CPU
		{08BD3EA4-334C-4A30-9E36-19827F1EBC6A}.Debug|Any CPU.Build.0 = Debug|Any CPU
		{08BD3EA4-334C-4A30-9E36-19827F1EBC6A}.Release|Any CPU.ActiveCfg = Release|Any CPU
		{08BD3EA4-334C-4A30-9E36-19827F1EBC6A}.Release|Any CPU.Build.0 = Release|Any CPU
		{82CD1B79-2B77-43C8-9431-C68C36DF791E}.Debug|Any CPU.ActiveCfg = Debug|Any CPU
		{82CD1B79-2B77-43C8-9431-C68C36DF791E}.Debug|Any CPU.Build.0 = Debug|Any CPU
		{82CD1B79-2B77-43C8-9431-C68C36DF791E}.Release|Any CPU.ActiveCfg = Release|Any CPU
		{82CD1B79-2B77-43C8-9431-C68C36DF791E}.Release|Any CPU.Build.0 = Release|Any CPU
		{96790110-C502-4730-831B-64BF06FE7B3B}.Debug|Any CPU.ActiveCfg = Debug|Any CPU
		{96790110-C502-4730-831B-64BF06FE7B3B}.Debug|Any CPU.Build.0 = Debug|Any CPU
		{96790110-C502-4730-831B-64BF06FE7B3B}.Release|Any CPU.ActiveCfg = Release|Any CPU
		{96790110-C502-4730-831B-64BF06FE7B3B}.Release|Any CPU.Build.0 = Release|Any CPU
		{610984E6-3DE8-4CA1-A1BE-AC549F9F9D14}.Debug|Any CPU.ActiveCfg = Debug|Any CPU
		{610984E6-3DE8-4CA1-A1BE-AC549F9F9D14}.Debug|Any CPU.Build.0 = Debug|Any CPU
		{610984E6-3DE8-4CA1-A1BE-AC549F9F9D14}.Release|Any CPU.ActiveCfg = Release|Any CPU
		{610984E6-3DE8-4CA1-A1BE-AC549F9F9D14}.Release|Any CPU.Build.0 = Release|Any CPU
		{CCBA44F0-DEBC-4EA2-82C1-2B05836373BE}.Debug|Any CPU.ActiveCfg = Debug|Any CPU
		{CCBA44F0-DEBC-4EA2-82C1-2B05836373BE}.Debug|Any CPU.Build.0 = Debug|Any CPU
		{CCBA44F0-DEBC-4EA2-82C1-2B05836373BE}.Release|Any CPU.ActiveCfg = Release|Any CPU
		{CCBA44F0-DEBC-4EA2-82C1-2B05836373BE}.Release|Any CPU.Build.0 = Release|Any CPU
		{F35DA565-A6E0-4F01-B8FF-EC66FA91AEDC}.Debug|Any CPU.ActiveCfg = Debug|Any CPU
		{F35DA565-A6E0-4F01-B8FF-EC66FA91AEDC}.Debug|Any CPU.Build.0 = Debug|Any CPU
		{F35DA565-A6E0-4F01-B8FF-EC66FA91AEDC}.Release|Any CPU.ActiveCfg = Release|Any CPU
		{F35DA565-A6E0-4F01-B8FF-EC66FA91AEDC}.Release|Any CPU.Build.0 = Release|Any CPU
		{2AFF8C15-468A-412E-87A1-7898DDD921E0}.Debug|Any CPU.ActiveCfg = Debug|Any CPU
		{2AFF8C15-468A-412E-87A1-7898DDD921E0}.Debug|Any CPU.Build.0 = Debug|Any CPU
		{2AFF8C15-468A-412E-87A1-7898DDD921E0}.Release|Any CPU.ActiveCfg = Release|Any CPU
		{2AFF8C15-468A-412E-87A1-7898DDD921E0}.Release|Any CPU.Build.0 = Release|Any CPU
		{1D8685D3-DAF7-4B09-BEDD-6B6142DEBB81}.Debug|Any CPU.ActiveCfg = Debug|Any CPU
		{1D8685D3-DAF7-4B09-BEDD-6B6142DEBB81}.Debug|Any CPU.Build.0 = Debug|Any CPU
		{1D8685D3-DAF7-4B09-BEDD-6B6142DEBB81}.Release|Any CPU.ActiveCfg = Release|Any CPU
		{1D8685D3-DAF7-4B09-BEDD-6B6142DEBB81}.Release|Any CPU.Build.0 = Release|Any CPU
		{2275AC3C-664B-43A0-BA52-F5943D18FDC7}.Debug|Any CPU.ActiveCfg = Debug|Any CPU
		{2275AC3C-664B-43A0-BA52-F5943D18FDC7}.Debug|Any CPU.Build.0 = Debug|Any CPU
		{2275AC3C-664B-43A0-BA52-F5943D18FDC7}.Release|Any CPU.ActiveCfg = Release|Any CPU
		{2275AC3C-664B-43A0-BA52-F5943D18FDC7}.Release|Any CPU.Build.0 = Release|Any CPU
		{4FD99795-7C4A-45B5-A165-BB55DB9CB3A1}.Debug|Any CPU.ActiveCfg = Debug|Any CPU
		{4FD99795-7C4A-45B5-A165-BB55DB9CB3A1}.Debug|Any CPU.Build.0 = Debug|Any CPU
		{4FD99795-7C4A-45B5-A165-BB55DB9CB3A1}.Release|Any CPU.ActiveCfg = Release|Any CPU
		{4FD99795-7C4A-45B5-A165-BB55DB9CB3A1}.Release|Any CPU.Build.0 = Release|Any CPU
	EndGlobalSection
	GlobalSection(SolutionProperties) = preSolution
		HideSolutionNode = FALSE
	EndGlobalSection
EndGlobal
